// !$*UTF8*$!
{
	archiveVersion = 1;
	classes = {
	};
	objectVersion = 50;
	objects = {

/* Begin PBXBuildFile section */
		D315528225DB91C700FE6EBD /* ServerCommunicator.swift in Sources */ = {isa = PBXBuildFile; fileRef = D315528125DB91C700FE6EBD /* ServerCommunicator.swift */; };
		D3857A8025DB6E3900B1F175 /* SelfieSenderApp.swift in Sources */ = {isa = PBXBuildFile; fileRef = D3857A7F25DB6E3900B1F175 /* SelfieSenderApp.swift */; };
		D3857A8225DB6E3900B1F175 /* ContentView.swift in Sources */ = {isa = PBXBuildFile; fileRef = D3857A8125DB6E3900B1F175 /* ContentView.swift */; };
		D3857A8425DB6E3900B1F175 /* Assets.xcassets in Resources */ = {isa = PBXBuildFile; fileRef = D3857A8325DB6E3900B1F175 /* Assets.xcassets */; };
		D3857A8725DB6E3900B1F175 /* Preview Assets.xcassets in Resources */ = {isa = PBXBuildFile; fileRef = D3857A8625DB6E3900B1F175 /* Preview Assets.xcassets */; };
		D3857A9025DB6F2B00B1F175 /* ImagePickerView.swift in Sources */ = {isa = PBXBuildFile; fileRef = D3857A8F25DB6F2B00B1F175 /* ImagePickerView.swift */; };
/* End PBXBuildFile section */

/* Begin PBXFileReference section */
		D315528125DB91C700FE6EBD /* ServerCommunicator.swift */ = {isa = PBXFileReference; lastKnownFileType = sourcecode.swift; path = ServerCommunicator.swift; sourceTree = "<group>"; };
		D3857A7C25DB6E3900B1F175 /* SelfieSender.app */ = {isa = PBXFileReference; explicitFileType = wrapper.application; includeInIndex = 0; path = SelfieSender.app; sourceTree = BUILT_PRODUCTS_DIR; };
		D3857A7F25DB6E3900B1F175 /* SelfieSenderApp.swift */ = {isa = PBXFileReference; lastKnownFileType = sourcecode.swift; path = SelfieSenderApp.swift; sourceTree = "<group>"; };
		D3857A8125DB6E3900B1F175 /* ContentView.swift */ = {isa = PBXFileReference; lastKnownFileType = sourcecode.swift; path = ContentView.swift; sourceTree = "<group>"; };
		D3857A8325DB6E3900B1F175 /* Assets.xcassets */ = {isa = PBXFileReference; lastKnownFileType = folder.assetcatalog; path = Assets.xcassets; sourceTree = "<group>"; };
		D3857A8625DB6E3900B1F175 /* Preview Assets.xcassets */ = {isa = PBXFileReference; lastKnownFileType = folder.assetcatalog; path = "Preview Assets.xcassets"; sourceTree = "<group>"; };
		D3857A8825DB6E3900B1F175 /* Info.plist */ = {isa = PBXFileReference; lastKnownFileType = text.plist.xml; path = Info.plist; sourceTree = "<group>"; };
		D3857A8F25DB6F2B00B1F175 /* ImagePickerView.swift */ = {isa = PBXFileReference; lastKnownFileType = sourcecode.swift; path = ImagePickerView.swift; sourceTree = "<group>"; };
/* End PBXFileReference section */

/* Begin PBXFrameworksBuildPhase section */
		D3857A7925DB6E3900B1F175 /* Frameworks */ = {
			isa = PBXFrameworksBuildPhase;
			buildActionMask = 2147483647;
			files = (
			);
			runOnlyForDeploymentPostprocessing = 0;
		};
/* End PBXFrameworksBuildPhase section */

/* Begin PBXGroup section */
		D3857A7325DB6E3900B1F175 = {
			isa = PBXGroup;
			children = (
				D3857A7E25DB6E3900B1F175 /* SelfieSender */,
				D3857A7D25DB6E3900B1F175 /* Products */,
			);
			sourceTree = "<group>";
		};
		D3857A7D25DB6E3900B1F175 /* Products */ = {
			isa = PBXGroup;
			children = (
				D3857A7C25DB6E3900B1F175 /* SelfieSender.app */,
			);
			name = Products;
			sourceTree = "<group>";
		};
		D3857A7E25DB6E3900B1F175 /* SelfieSender */ = {
			isa = PBXGroup;
			children = (
				D3857A7F25DB6E3900B1F175 /* SelfieSenderApp.swift */,
				D3857A8125DB6E3900B1F175 /* ContentView.swift */,
				D3857A8F25DB6F2B00B1F175 /* ImagePickerView.swift */,
				D315528125DB91C700FE6EBD /* ServerCommunicator.swift */,
				D3857A8325DB6E3900B1F175 /* Assets.xcassets */,
				D3857A8825DB6E3900B1F175 /* Info.plist */,
				D3857A8525DB6E3900B1F175 /* Preview Content */,
			);
			path = SelfieSender;
			sourceTree = "<group>";
		};
		D3857A8525DB6E3900B1F175 /* Preview Content */ = {
			isa = PBXGroup;
			children = (
				D3857A8625DB6E3900B1F175 /* Preview Assets.xcassets */,
			);
			path = "Preview Content";
			sourceTree = "<group>";
		};
/* End PBXGroup section */

/* Begin PBXNativeTarget section */
		D3857A7B25DB6E3900B1F175 /* SelfieSender */ = {
			isa = PBXNativeTarget;
			buildConfigurationList = D3857A8B25DB6E3900B1F175 /* Build configuration list for PBXNativeTarget "SelfieSender" */;
			buildPhases = (
				D3857A7825DB6E3900B1F175 /* Sources */,
				D3857A7925DB6E3900B1F175 /* Frameworks */,
				D3857A7A25DB6E3900B1F175 /* Resources */,
			);
			buildRules = (
			);
			dependencies = (
			);
			name = SelfieSender;
			productName = SelfieSender;
			productReference = D3857A7C25DB6E3900B1F175 /* SelfieSender.app */;
			productType = "com.apple.product-type.application";
		};
/* End PBXNativeTarget section */

/* Begin PBXProject section */
		D3857A7425DB6E3900B1F175 /* Project object */ = {
			isa = PBXProject;
			attributes = {
				LastSwiftUpdateCheck = 1240;
				LastUpgradeCheck = 1240;
				TargetAttributes = {
					D3857A7B25DB6E3900B1F175 = {
						CreatedOnToolsVersion = 12.4;
					};
				};
			};
			buildConfigurationList = D3857A7725DB6E3900B1F175 /* Build configuration list for PBXProject "SelfieSender" */;
			compatibilityVersion = "Xcode 9.3";
			developmentRegion = en;
			hasScannedForEncodings = 0;
			knownRegions = (
				en,
				Base,
			);
			mainGroup = D3857A7325DB6E3900B1F175;
			productRefGroup = D3857A7D25DB6E3900B1F175 /* Products */;
			projectDirPath = "";
			projectRoot = "";
			targets = (
				D3857A7B25DB6E3900B1F175 /* SelfieSender */,
			);
		};
/* End PBXProject section */

/* Begin PBXResourcesBuildPhase section */
		D3857A7A25DB6E3900B1F175 /* Resources */ = {
			isa = PBXResourcesBuildPhase;
			buildActionMask = 2147483647;
			files = (
				D3857A8725DB6E3900B1F175 /* Preview Assets.xcassets in Resources */,
				D3857A8425DB6E3900B1F175 /* Assets.xcassets in Resources */,
			);
			runOnlyForDeploymentPostprocessing = 0;
		};
/* End PBXResourcesBuildPhase section */

/* Begin PBXSourcesBuildPhase section */
		D3857A7825DB6E3900B1F175 /* Sources */ = {
			isa = PBXSourcesBuildPhase;
			buildActionMask = 2147483647;
			files = (
				D3857A8225DB6E3900B1F175 /* ContentView.swift in Sources */,
				D3857A9025DB6F2B00B1F175 /* ImagePickerView.swift in Sources */,
				D3857A8025DB6E3900B1F175 /* SelfieSenderApp.swift in Sources */,
				D315528225DB91C700FE6EBD /* ServerCommunicator.swift in Sources */,
			);
			runOnlyForDeploymentPostprocessing = 0;
		};
/* End PBXSourcesBuildPhase section */

/* Begin XCBuildConfiguration section */
		D3857A8925DB6E3900B1F175 /* Debug */ = {
			isa = XCBuildConfiguration;
			buildSettings = {
				ALWAYS_SEARCH_USER_PATHS = NO;
				CLANG_ANALYZER_NONNULL = YES;
				CLANG_ANALYZER_NUMBER_OBJECT_CONVERSION = YES_AGGRESSIVE;
				CLANG_CXX_LANGUAGE_STANDARD = "gnu++14";
				CLANG_CXX_LIBRARY = "libc++";
				CLANG_ENABLE_MODULES = YES;
				CLANG_ENABLE_OBJC_ARC = YES;
				CLANG_ENABLE_OBJC_WEAK = YES;
				CLANG_WARN_BLOCK_CAPTURE_AUTORELEASING = YES;
				CLANG_WARN_BOOL_CONVERSION = YES;
				CLANG_WARN_COMMA = YES;
				CLANG_WARN_CONSTANT_CONVERSION = YES;
				CLANG_WARN_DEPRECATED_OBJC_IMPLEMENTATIONS = YES;
				CLANG_WARN_DIRECT_OBJC_ISA_USAGE = YES_ERROR;
				CLANG_WARN_DOCUMENTATION_COMMENTS = YES;
				CLANG_WARN_EMPTY_BODY = YES;
				CLANG_WARN_ENUM_CONVERSION = YES;
				CLANG_WARN_INFINITE_RECURSION = YES;
				CLANG_WARN_INT_CONVERSION = YES;
				CLANG_WARN_NON_LITERAL_NULL_CONVERSION = YES;
				CLANG_WARN_OBJC_IMPLICIT_RETAIN_SELF = YES;
				CLANG_WARN_OBJC_LITERAL_CONVERSION = YES;
				CLANG_WARN_OBJC_ROOT_CLASS = YES_ERROR;
				CLANG_WARN_QUOTED_INCLUDE_IN_FRAMEWORK_HEADER = YES;
				CLANG_WARN_RANGE_LOOP_ANALYSIS = YES;
				CLANG_WARN_STRICT_PROTOTYPES = YES;
				CLANG_WARN_SUSPICIOUS_MOVE = YES;
				CLANG_WARN_UNGUARDED_AVAILABILITY = YES_AGGRESSIVE;
				CLANG_WARN_UNREACHABLE_CODE = YES;
				CLANG_WARN__DUPLICATE_METHOD_MATCH = YES;
				COPY_PHASE_STRIP = NO;
				DEBUG_INFORMATION_FORMAT = dwarf;
				ENABLE_STRICT_OBJC_MSGSEND = YES;
				ENABLE_TESTABILITY = YES;
				GCC_C_LANGUAGE_STANDARD = gnu11;
				GCC_DYNAMIC_NO_PIC = NO;
				GCC_NO_COMMON_BLOCKS = YES;
				GCC_OPTIMIZATION_LEVEL = 0;
				GCC_PREPROCESSOR_DEFINITIONS = (
					"DEBUG=1",
					"$(inherited)",
				);
				GCC_WARN_64_TO_32_BIT_CONVERSION = YES;
				GCC_WARN_ABOUT_RETURN_TYPE = YES_ERROR;
				GCC_WARN_UNDECLARED_SELECTOR = YES;
				GCC_WARN_UNINITIALIZED_AUTOS = YES_AGGRESSIVE;
				GCC_WARN_UNUSED_FUNCTION = YES;
				GCC_WARN_UNUSED_VARIABLE = YES;
				IPHONEOS_DEPLOYMENT_TARGET = 14.4;
				MTL_ENABLE_DEBUG_INFO = INCLUDE_SOURCE;
				MTL_FAST_MATH = YES;
				ONLY_ACTIVE_ARCH = YES;
				SDKROOT = iphoneos;
				SWIFT_ACTIVE_COMPILATION_CONDITIONS = DEBUG;
				SWIFT_OPTIMIZATION_LEVEL = "-Onone";
			};
			name = Debug;
		};
		D3857A8A25DB6E3900B1F175 /* Release */ = {
			isa = XCBuildConfiguration;
			buildSettings = {
				ALWAYS_SEARCH_USER_PATHS = NO;
				CLANG_ANALYZER_NONNULL = YES;
				CLANG_ANALYZER_NUMBER_OBJECT_CONVERSION = YES_AGGRESSIVE;
				CLANG_CXX_LANGUAGE_STANDARD = "gnu++14";
				CLANG_CXX_LIBRARY = "libc++";
				CLANG_ENABLE_MODULES = YES;
				CLANG_ENABLE_OBJC_ARC = YES;
				CLANG_ENABLE_OBJC_WEAK = YES;
				CLANG_WARN_BLOCK_CAPTURE_AUTORELEASING = YES;
				CLANG_WARN_BOOL_CONVERSION = YES;
				CLANG_WARN_COMMA = YES;
				CLANG_WARN_CONSTANT_CONVERSION = YES;
				CLANG_WARN_DEPRECATED_OBJC_IMPLEMENTATIONS = YES;
				CLANG_WARN_DIRECT_OBJC_ISA_USAGE = YES_ERROR;
				CLANG_WARN_DOCUMENTATION_COMMENTS = YES;
				CLANG_WARN_EMPTY_BODY = YES;
				CLANG_WARN_ENUM_CONVERSION = YES;
				CLANG_WARN_INFINITE_RECURSION = YES;
				CLANG_WARN_INT_CONVERSION = YES;
				CLANG_WARN_NON_LITERAL_NULL_CONVERSION = YES;
				CLANG_WARN_OBJC_IMPLICIT_RETAIN_SELF = YES;
				CLANG_WARN_OBJC_LITERAL_CONVERSION = YES;
				CLANG_WARN_OBJC_ROOT_CLASS = YES_ERROR;
				CLANG_WARN_QUOTED_INCLUDE_IN_FRAMEWORK_HEADER = YES;
				CLANG_WARN_RANGE_LOOP_ANALYSIS = YES;
				CLANG_WARN_STRICT_PROTOTYPES = YES;
				CLANG_WARN_SUSPICIOUS_MOVE = YES;
				CLANG_WARN_UNGUARDED_AVAILABILITY = YES_AGGRESSIVE;
				CLANG_WARN_UNREACHABLE_CODE = YES;
				CLANG_WARN__DUPLICATE_METHOD_MATCH = YES;
				COPY_PHASE_STRIP = NO;
				DEBUG_INFORMATION_FORMAT = "dwarf-with-dsym";
				ENABLE_NS_ASSERTIONS = NO;
				ENABLE_STRICT_OBJC_MSGSEND = YES;
				GCC_C_LANGUAGE_STANDARD = gnu11;
				GCC_NO_COMMON_BLOCKS = YES;
				GCC_WARN_64_TO_32_BIT_CONVERSION = YES;
				GCC_WARN_ABOUT_RETURN_TYPE = YES_ERROR;
				GCC_WARN_UNDECLARED_SELECTOR = YES;
				GCC_WARN_UNINITIALIZED_AUTOS = YES_AGGRESSIVE;
				GCC_WARN_UNUSED_FUNCTION = YES;
				GCC_WARN_UNUSED_VARIABLE = YES;
				IPHONEOS_DEPLOYMENT_TARGET = 14.4;
				MTL_ENABLE_DEBUG_INFO = NO;
				MTL_FAST_MATH = YES;
				SDKROOT = iphoneos;
				SWIFT_COMPILATION_MODE = wholemodule;
				SWIFT_OPTIMIZATION_LEVEL = "-O";
				VALIDATE_PRODUCT = YES;
			};
			name = Release;
		};
		D3857A8C25DB6E3900B1F175 /* Debug */ = {
			isa = XCBuildConfiguration;
			buildSettings = {
				ASSETCATALOG_COMPILER_APPICON_NAME = AppIcon;
				ASSETCATALOG_COMPILER_GLOBAL_ACCENT_COLOR_NAME = AccentColor;
				CODE_SIGN_STYLE = Automatic;
				DEVELOPMENT_ASSET_PATHS = "\"SelfieSender/Preview Content\"";
				DEVELOPMENT_TEAM = Y975RXV2SM;
				ENABLE_PREVIEWS = YES;
				INFOPLIST_FILE = SelfieSender/Info.plist;
				IPHONEOS_DEPLOYMENT_TARGET = 14.0;
				LD_RUNPATH_SEARCH_PATHS = (
					"$(inherited)",
					"@executable_path/Frameworks",
				);
				PRODUCT_BUNDLE_IDENTIFIER = com.example.samdonovan.SelfieSender;
				PRODUCT_NAME = "$(TARGET_NAME)";
				SWIFT_VERSION = 5.0;
				TARGETED_DEVICE_FAMILY = "1,2";
			};
			name = Debug;
		};
		D3857A8D25DB6E3900B1F175 /* Release */ = {
			isa = XCBuildConfiguration;
			buildSettings = {
				ASSETCATALOG_COMPILER_APPICON_NAME = AppIcon;
				ASSETCATALOG_COMPILER_GLOBAL_ACCENT_COLOR_NAME = AccentColor;
				CODE_SIGN_STYLE = Automatic;
				DEVELOPMENT_ASSET_PATHS = "\"SelfieSender/Preview Content\"";
				DEVELOPMENT_TEAM = Y975RXV2SM;
				ENABLE_PREVIEWS = YES;
				INFOPLIST_FILE = SelfieSender/Info.plist;
				IPHONEOS_DEPLOYMENT_TARGET = 14.0;
				LD_RUNPATH_SEARCH_PATHS = (
					"$(inherited)",
					"@executable_path/Frameworks",
				);
				PRODUCT_BUNDLE_IDENTIFIER = com.example.samdonovan.SelfieSender;
				PRODUCT_NAME = "$(TARGET_NAME)";
				SWIFT_VERSION = 5.0;
				TARGETED_DEVICE_FAMILY = "1,2";
			};
			name = Release;
		};
/* End XCBuildConfiguration section */

/* Begin XCConfigurationList section */
		D3857A7725DB6E3900B1F175 /* Build configuration list for PBXProject "SelfieSender" */ = {
			isa = XCConfigurationList;
			buildConfigurations = (
				D3857A8925DB6E3900B1F175 /* Debug */,
				D3857A8A25DB6E3900B1F175 /* Release */,
			);
			defaultConfigurationIsVisible = 0;
			defaultConfigurationName = Release;
		};
		D3857A8B25DB6E3900B1F175 /* Build configuration list for PBXNativeTarget "SelfieSender" */ = {
			isa = XCConfigurationList;
			buildConfigurations = (
				D3857A8C25DB6E3900B1F175 /* Debug */,
				D3857A8D25DB6E3900B1F175 /* Release */,
			);
			defaultConfigurationIsVisible = 0;
			defaultConfigurationName = Release;
		};
/* End XCConfigurationList section */
	};
	rootObject = D3857A7425DB6E3900B1F175 /* Project object */;
}
